// !$*UTF8*$!
{
	archiveVersion = 1;
	classes = {
	};
	objectVersion = 55;
	objects = {

/* Begin PBXBuildFile section */
		3B0F8F9B298AA7C8007039B3 /* AppDelegate.swift in Sources */ = {isa = PBXBuildFile; fileRef = 3B0F8F9A298AA7C8007039B3 /* AppDelegate.swift */; };
		3B0F8F9D298AA7C8007039B3 /* SceneDelegate.swift in Sources */ = {isa = PBXBuildFile; fileRef = 3B0F8F9C298AA7C8007039B3 /* SceneDelegate.swift */; };
		3B0F8F9F298AA7C8007039B3 /* ViewController.swift in Sources */ = {isa = PBXBuildFile; fileRef = 3B0F8F9E298AA7C8007039B3 /* ViewController.swift */; };
		3B0F8FA2298AA7C8007039B3 /* Main.storyboard in Resources */ = {isa = PBXBuildFile; fileRef = 3B0F8FA0298AA7C8007039B3 /* Main.storyboard */; };
		3B0F8FA4298AA7CC007039B3 /* Assets.xcassets in Resources */ = {isa = PBXBuildFile; fileRef = 3B0F8FA3298AA7CC007039B3 /* Assets.xcassets */; };
		3B0F8FA7298AA7CC007039B3 /* LaunchScreen.storyboard in Resources */ = {isa = PBXBuildFile; fileRef = 3B0F8FA5298AA7CC007039B3 /* LaunchScreen.storyboard */; };
		49E3C0F05CC59BFE44702F77 /* Pods_innocvExercise.framework in Frameworks */ = {isa = PBXBuildFile; fileRef = 7E0A2BAB89AE2650563E7E0D /* Pods_innocvExercise.framework */; };
/* End PBXBuildFile section */

/* Begin PBXFileReference section */
		153782F901BE4C5614CE50BB /* Pods-innocvExercise.release.xcconfig */ = {isa = PBXFileReference; includeInIndex = 1; lastKnownFileType = text.xcconfig; name = "Pods-innocvExercise.release.xcconfig"; path = "Target Support Files/Pods-innocvExercise/Pods-innocvExercise.release.xcconfig"; sourceTree = "<group>"; };
		3B0F8F97298AA7C8007039B3 /* innocvExercise.app */ = {isa = PBXFileReference; explicitFileType = wrapper.application; includeInIndex = 0; path = innocvExercise.app; sourceTree = BUILT_PRODUCTS_DIR; };
		3B0F8F9A298AA7C8007039B3 /* AppDelegate.swift */ = {isa = PBXFileReference; lastKnownFileType = sourcecode.swift; path = AppDelegate.swift; sourceTree = "<group>"; };
		3B0F8F9C298AA7C8007039B3 /* SceneDelegate.swift */ = {isa = PBXFileReference; lastKnownFileType = sourcecode.swift; path = SceneDelegate.swift; sourceTree = "<group>"; };
		3B0F8F9E298AA7C8007039B3 /* ViewController.swift */ = {isa = PBXFileReference; lastKnownFileType = sourcecode.swift; path = ViewController.swift; sourceTree = "<group>"; };
		3B0F8FA1298AA7C8007039B3 /* Base */ = {isa = PBXFileReference; lastKnownFileType = file.storyboard; name = Base; path = Base.lproj/Main.storyboard; sourceTree = "<group>"; };
		3B0F8FA3298AA7CC007039B3 /* Assets.xcassets */ = {isa = PBXFileReference; lastKnownFileType = folder.assetcatalog; path = Assets.xcassets; sourceTree = "<group>"; };
		3B0F8FA6298AA7CC007039B3 /* Base */ = {isa = PBXFileReference; lastKnownFileType = file.storyboard; name = Base; path = Base.lproj/LaunchScreen.storyboard; sourceTree = "<group>"; };
		3B0F8FA8298AA7CC007039B3 /* Info.plist */ = {isa = PBXFileReference; lastKnownFileType = text.plist.xml; path = Info.plist; sourceTree = "<group>"; };
		3B9B0E89298AF6B0008DADFE /* Config.xcconfig */ = {isa = PBXFileReference; lastKnownFileType = text.xcconfig; path = Config.xcconfig; sourceTree = "<group>"; };
		7B89ED7FE1EA5BA4985981B8 /* Pods-innocvExercise.debug.xcconfig */ = {isa = PBXFileReference; includeInIndex = 1; lastKnownFileType = text.xcconfig; name = "Pods-innocvExercise.debug.xcconfig"; path = "Target Support Files/Pods-innocvExercise/Pods-innocvExercise.debug.xcconfig"; sourceTree = "<group>"; };
		7E0A2BAB89AE2650563E7E0D /* Pods_innocvExercise.framework */ = {isa = PBXFileReference; explicitFileType = wrapper.framework; includeInIndex = 0; path = Pods_innocvExercise.framework; sourceTree = BUILT_PRODUCTS_DIR; };
/* End PBXFileReference section */

/* Begin PBXFrameworksBuildPhase section */
		3B0F8F94298AA7C8007039B3 /* Frameworks */ = {
			isa = PBXFrameworksBuildPhase;
			buildActionMask = 2147483647;
			files = (
				49E3C0F05CC59BFE44702F77 /* Pods_innocvExercise.framework in Frameworks */,
			);
			runOnlyForDeploymentPostprocessing = 0;
		};
/* End PBXFrameworksBuildPhase section */

/* Begin PBXGroup section */
		1B529242AA3CF6BBA26A7087 /* Frameworks */ = {
			isa = PBXGroup;
			children = (
				7E0A2BAB89AE2650563E7E0D /* Pods_innocvExercise.framework */,
			);
			name = Frameworks;
			sourceTree = "<group>";
		};
		3B0F8F8E298AA7C8007039B3 = {
			isa = PBXGroup;
			children = (
				3B0F8F99298AA7C8007039B3 /* innocvExercise */,
				3B0F8F98298AA7C8007039B3 /* Products */,
				D348209B18FA520EA053739F /* Pods */,
				1B529242AA3CF6BBA26A7087 /* Frameworks */,
			);
			sourceTree = "<group>";
		};
		3B0F8F98298AA7C8007039B3 /* Products */ = {
			isa = PBXGroup;
			children = (
				3B0F8F97298AA7C8007039B3 /* innocvExercise.app */,
			);
			name = Products;
			sourceTree = "<group>";
		};
		3B0F8F99298AA7C8007039B3 /* innocvExercise */ = {
			isa = PBXGroup;
			children = (
				3B0F8F9A298AA7C8007039B3 /* AppDelegate.swift */,
				3B0F8F9C298AA7C8007039B3 /* SceneDelegate.swift */,
				3B0F8F9E298AA7C8007039B3 /* ViewController.swift */,
				3B0F8FA0298AA7C8007039B3 /* Main.storyboard */,
				3B9B0E89298AF6B0008DADFE /* Config.xcconfig */,
				3B0F8FA3298AA7CC007039B3 /* Assets.xcassets */,
				3B0F8FA5298AA7CC007039B3 /* LaunchScreen.storyboard */,
				3B0F8FA8298AA7CC007039B3 /* Info.plist */,
			);
			path = innocvExercise;
			sourceTree = "<group>";
		};
		D348209B18FA520EA053739F /* Pods */ = {
			isa = PBXGroup;
			children = (
				7B89ED7FE1EA5BA4985981B8 /* Pods-innocvExercise.debug.xcconfig */,
				153782F901BE4C5614CE50BB /* Pods-innocvExercise.release.xcconfig */,
			);
			name = Pods;
			path = Pods;
			sourceTree = "<group>";
		};
/* End PBXGroup section */

/* Begin PBXNativeTarget section */
		3B0F8F96298AA7C8007039B3 /* innocvExercise */ = {
			isa = PBXNativeTarget;
			buildConfigurationList = 3B0F8FAB298AA7CC007039B3 /* Build configuration list for PBXNativeTarget "innocvExercise" */;
			buildPhases = (
				B119B694FF18753A5B28E570 /* [CP] Check Pods Manifest.lock */,
				3B0F8F93298AA7C8007039B3 /* Sources */,
				3B0F8F94298AA7C8007039B3 /* Frameworks */,
				3B0F8F95298AA7C8007039B3 /* Resources */,
				D3E18BAFAFE3162F947CA0AE /* [CP] Embed Pods Frameworks */,
			);
			buildRules = (
			);
			dependencies = (
			);
			name = innocvExercise;
			productName = innocvExercise;
			productReference = 3B0F8F97298AA7C8007039B3 /* innocvExercise.app */;
			productType = "com.apple.product-type.application";
		};
/* End PBXNativeTarget section */

/* Begin PBXProject section */
		3B0F8F8F298AA7C8007039B3 /* Project object */ = {
			isa = PBXProject;
			attributes = {
				BuildIndependentTargetsInParallel = 1;
				LastSwiftUpdateCheck = 1300;
				LastUpgradeCheck = 1300;
				TargetAttributes = {
					3B0F8F96298AA7C8007039B3 = {
						CreatedOnToolsVersion = 13.0;
					};
				};
			};
			buildConfigurationList = 3B0F8F92298AA7C8007039B3 /* Build configuration list for PBXProject "innocvExercise" */;
			compatibilityVersion = "Xcode 13.0";
			developmentRegion = en;
			hasScannedForEncodings = 0;
			knownRegions = (
				en,
				Base,
			);
			mainGroup = 3B0F8F8E298AA7C8007039B3;
			productRefGroup = 3B0F8F98298AA7C8007039B3 /* Products */;
			projectDirPath = "";
			projectRoot = "";
			targets = (
				3B0F8F96298AA7C8007039B3 /* innocvExercise */,
			);
		};
/* End PBXProject section */

/* Begin PBXResourcesBuildPhase section */
		3B0F8F95298AA7C8007039B3 /* Resources */ = {
			isa = PBXResourcesBuildPhase;
			buildActionMask = 2147483647;
			files = (
				3B0F8FA7298AA7CC007039B3 /* LaunchScreen.storyboard in Resources */,
				3B0F8FA4298AA7CC007039B3 /* Assets.xcassets in Resources */,
				3B0F8FA2298AA7C8007039B3 /* Main.storyboard in Resources */,
			);
			runOnlyForDeploymentPostprocessing = 0;
		};
/* End PBXResourcesBuildPhase section */

/* Begin PBXShellScriptBuildPhase section */
		B119B694FF18753A5B28E570 /* [CP] Check Pods Manifest.lock */ = {
			isa = PBXShellScriptBuildPhase;
			buildActionMask = 2147483647;
			files = (
			);
			inputFileListPaths = (
			);
			inputPaths = (
				"${PODS_PODFILE_DIR_PATH}/Podfile.lock",
				"${PODS_ROOT}/Manifest.lock",
			);
			name = "[CP] Check Pods Manifest.lock";
			outputFileListPaths = (
			);
			outputPaths = (
				"$(DERIVED_FILE_DIR)/Pods-innocvExercise-checkManifestLockResult.txt",
			);
			runOnlyForDeploymentPostprocessing = 0;
			shellPath = /bin/sh;
			shellScript = "diff \"${PODS_PODFILE_DIR_PATH}/Podfile.lock\" \"${PODS_ROOT}/Manifest.lock\" > /dev/null\nif [ $? != 0 ] ; then\n    # print error to STDERR\n    echo \"error: The sandbox is not in sync with the Podfile.lock. Run 'pod install' or update your CocoaPods installation.\" >&2\n    exit 1\nfi\n# This output is used by Xcode 'outputs' to avoid re-running this script phase.\necho \"SUCCESS\" > \"${SCRIPT_OUTPUT_FILE_0}\"\n";
			showEnvVarsInLog = 0;
		};
		D3E18BAFAFE3162F947CA0AE /* [CP] Embed Pods Frameworks */ = {
			isa = PBXShellScriptBuildPhase;
			buildActionMask = 2147483647;
			files = (
			);
			inputFileListPaths = (
				"${PODS_ROOT}/Target Support Files/Pods-innocvExercise/Pods-innocvExercise-frameworks-${CONFIGURATION}-input-files.xcfilelist",
			);
			name = "[CP] Embed Pods Frameworks";
			outputFileListPaths = (
				"${PODS_ROOT}/Target Support Files/Pods-innocvExercise/Pods-innocvExercise-frameworks-${CONFIGURATION}-output-files.xcfilelist",
			);
			runOnlyForDeploymentPostprocessing = 0;
			shellPath = /bin/sh;
			shellScript = "\"${PODS_ROOT}/Target Support Files/Pods-innocvExercise/Pods-innocvExercise-frameworks.sh\"\n";
			showEnvVarsInLog = 0;
		};
/* End PBXShellScriptBuildPhase section */

/* Begin PBXSourcesBuildPhase section */
		3B0F8F93298AA7C8007039B3 /* Sources */ = {
			isa = PBXSourcesBuildPhase;
			buildActionMask = 2147483647;
			files = (
				3B0F8F9F298AA7C8007039B3 /* ViewController.swift in Sources */,
				3B0F8F9B298AA7C8007039B3 /* AppDelegate.swift in Sources */,
				3B0F8F9D298AA7C8007039B3 /* SceneDelegate.swift in Sources */,
			);
			runOnlyForDeploymentPostprocessing = 0;
		};
/* End PBXSourcesBuildPhase section */

/* Begin PBXVariantGroup section */
		3B0F8FA0298AA7C8007039B3 /* Main.storyboard */ = {
			isa = PBXVariantGroup;
			children = (
				3B0F8FA1298AA7C8007039B3 /* Base */,
			);
			name = Main.storyboard;
			sourceTree = "<group>";
		};
		3B0F8FA5298AA7CC007039B3 /* LaunchScreen.storyboard */ = {
			isa = PBXVariantGroup;
			children = (
				3B0F8FA6298AA7CC007039B3 /* Base */,
			);
			name = LaunchScreen.storyboard;
			sourceTree = "<group>";
		};
/* End PBXVariantGroup section */

/* Begin XCBuildConfiguration section */
		3B0F8FA9298AA7CC007039B3 /* Debug */ = {
			isa = XCBuildConfiguration;
			baseConfigurationReference = 3B9B0E89298AF6B0008DADFE /* Config.xcconfig */;
			buildSettings = {
				ALWAYS_SEARCH_USER_PATHS = NO;
				CLANG_ANALYZER_NONNULL = YES;
				CLANG_ANALYZER_NUMBER_OBJECT_CONVERSION = YES_AGGRESSIVE;
				CLANG_CXX_LANGUAGE_STANDARD = "gnu++17";
				CLANG_CXX_LIBRARY = "libc++";
				CLANG_ENABLE_MODULES = YES;
				CLANG_ENABLE_OBJC_ARC = YES;
				CLANG_ENABLE_OBJC_WEAK = YES;
				CLANG_WARN_BLOCK_CAPTURE_AUTORELEASING = YES;
				CLANG_WARN_BOOL_CONVERSION = YES;
				CLANG_WARN_COMMA = YES;
				CLANG_WARN_CONSTANT_CONVERSION = YES;
				CLANG_WARN_DEPRECATED_OBJC_IMPLEMENTATIONS = YES;
				CLANG_WARN_DIRECT_OBJC_ISA_USAGE = YES_ERROR;
				CLANG_WARN_DOCUMENTATION_COMMENTS = YES;
				CLANG_WARN_EMPTY_BODY = YES;
				CLANG_WARN_ENUM_CONVERSION = YES;
				CLANG_WARN_INFINITE_RECURSION = YES;
				CLANG_WARN_INT_CONVERSION = YES;
				CLANG_WARN_NON_LITERAL_NULL_CONVERSION = YES;
				CLANG_WARN_OBJC_IMPLICIT_RETAIN_SELF = YES;
				CLANG_WARN_OBJC_LITERAL_CONVERSION = YES;
				CLANG_WARN_OBJC_ROOT_CLASS = YES_ERROR;
				CLANG_WARN_QUOTED_INCLUDE_IN_FRAMEWORK_HEADER = YES;
				CLANG_WARN_RANGE_LOOP_ANALYSIS = YES;
				CLANG_WARN_STRICT_PROTOTYPES = YES;
				CLANG_WARN_SUSPICIOUS_MOVE = YES;
				CLANG_WARN_UNGUARDED_AVAILABILITY = YES_AGGRESSIVE;
				CLANG_WARN_UNREACHABLE_CODE = YES;
				CLANG_WARN__DUPLICATE_METHOD_MATCH = YES;
				COPY_PHASE_STRIP = NO;
				DEBUG_INFORMATION_FORMAT = dwarf;
				ENABLE_STRICT_OBJC_MSGSEND = YES;
				ENABLE_TESTABILITY = YES;
				GCC_C_LANGUAGE_STANDARD = gnu11;
				GCC_DYNAMIC_NO_PIC = NO;
				GCC_NO_COMMON_BLOCKS = YES;
				GCC_OPTIMIZATION_LEVEL = 0;
				GCC_PREPROCESSOR_DEFINITIONS = (
					"DEBUG=1",
					"$(inherited)",
				);
				GCC_WARN_64_TO_32_BIT_CONVERSION = YES;
				GCC_WARN_ABOUT_RETURN_TYPE = YES_ERROR;
				GCC_WARN_UNDECLARED_SELECTOR = YES;
				GCC_WARN_UNINITIALIZED_AUTOS = YES_AGGRESSIVE;
				GCC_WARN_UNUSED_FUNCTION = YES;
				GCC_WARN_UNUSED_VARIABLE = YES;
				IPHONEOS_DEPLOYMENT_TARGET = 15.0;
				MTL_ENABLE_DEBUG_INFO = INCLUDE_SOURCE;
				MTL_FAST_MATH = YES;
				ONLY_ACTIVE_ARCH = YES;
				SDKROOT = iphoneos;
				SWIFT_ACTIVE_COMPILATION_CONDITIONS = DEBUG;
				SWIFT_OPTIMIZATION_LEVEL = "-Onone";
			};
			name = Debug;
		};
		3B0F8FAA298AA7CC007039B3 /* Release */ = {
			isa = XCBuildConfiguration;
			buildSettings = {
				ALWAYS_SEARCH_USER_PATHS = NO;
				CLANG_ANALYZER_NONNULL = YES;
				CLANG_ANALYZER_NUMBER_OBJECT_CONVERSION = YES_AGGRESSIVE;
				CLANG_CXX_LANGUAGE_STANDARD = "gnu++17";
				CLANG_CXX_LIBRARY = "libc++";
				CLANG_ENABLE_MODULES = YES;
				CLANG_ENABLE_OBJC_ARC = YES;
				CLANG_ENABLE_OBJC_WEAK = YES;
				CLANG_WARN_BLOCK_CAPTURE_AUTORELEASING = YES;
				CLANG_WARN_BOOL_CONVERSION = YES;
				CLANG_WARN_COMMA = YES;
				CLANG_WARN_CONSTANT_CONVERSION = YES;
				CLANG_WARN_DEPRECATED_OBJC_IMPLEMENTATIONS = YES;
				CLANG_WARN_DIRECT_OBJC_ISA_USAGE = YES_ERROR;
				CLANG_WARN_DOCUMENTATION_COMMENTS = YES;
				CLANG_WARN_EMPTY_BODY = YES;
				CLANG_WARN_ENUM_CONVERSION = YES;
				CLANG_WARN_INFINITE_RECURSION = YES;
				CLANG_WARN_INT_CONVERSION = YES;
				CLANG_WARN_NON_LITERAL_NULL_CONVERSION = YES;
				CLANG_WARN_OBJC_IMPLICIT_RETAIN_SELF = YES;
				CLANG_WARN_OBJC_LITERAL_CONVERSION = YES;
				CLANG_WARN_OBJC_ROOT_CLASS = YES_ERROR;
				CLANG_WARN_QUOTED_INCLUDE_IN_FRAMEWORK_HEADER = YES;
				CLANG_WARN_RANGE_LOOP_ANALYSIS = YES;
				CLANG_WARN_STRICT_PROTOTYPES = YES;
				CLANG_WARN_SUSPICIOUS_MOVE = YES;
				CLANG_WARN_UNGUARDED_AVAILABILITY = YES_AGGRESSIVE;
				CLANG_WARN_UNREACHABLE_CODE = YES;
				CLANG_WARN__DUPLICATE_METHOD_MATCH = YES;
				COPY_PHASE_STRIP = NO;
				DEBUG_INFORMATION_FORMAT = "dwarf-with-dsym";
				ENABLE_NS_ASSERTIONS = NO;
				ENABLE_STRICT_OBJC_MSGSEND = YES;
				GCC_C_LANGUAGE_STANDARD = gnu11;
				GCC_NO_COMMON_BLOCKS = YES;
				GCC_WARN_64_TO_32_BIT_CONVERSION = YES;
				GCC_WARN_ABOUT_RETURN_TYPE = YES_ERROR;
				GCC_WARN_UNDECLARED_SELECTOR = YES;
				GCC_WARN_UNINITIALIZED_AUTOS = YES_AGGRESSIVE;
				GCC_WARN_UNUSED_FUNCTION = YES;
				GCC_WARN_UNUSED_VARIABLE = YES;
				IPHONEOS_DEPLOYMENT_TARGET = 15.0;
				MTL_ENABLE_DEBUG_INFO = NO;
				MTL_FAST_MATH = YES;
				SDKROOT = iphoneos;
				SWIFT_COMPILATION_MODE = wholemodule;
				SWIFT_OPTIMIZATION_LEVEL = "-O";
				VALIDATE_PRODUCT = YES;
			};
			name = Release;
		};
		3B0F8FAC298AA7CC007039B3 /* Debug */ = {
			isa = XCBuildConfiguration;
			baseConfigurationReference = 7B89ED7FE1EA5BA4985981B8 /* Pods-innocvExercise.debug.xcconfig */;
			buildSettings = {
				ASSETCATALOG_COMPILER_APPICON_NAME = AppIcon;
				ASSETCATALOG_COMPILER_GLOBAL_ACCENT_COLOR_NAME = AccentColor;
				CODE_SIGN_STYLE = Automatic;
				CURRENT_PROJECT_VERSION = 1;
				DEVELOPMENT_TEAM = JC2DG996NX;
				GENERATE_INFOPLIST_FILE = YES;
				INFOPLIST_FILE = innocvExercise/Info.plist;
				INFOPLIST_KEY_UIApplicationSupportsIndirectInputEvents = YES;
				INFOPLIST_KEY_UILaunchStoryboardName = LaunchScreen;
				INFOPLIST_KEY_UIMainStoryboardFile = Main;
				INFOPLIST_KEY_UISupportedInterfaceOrientations_iPad = "UIInterfaceOrientationPortrait UIInterfaceOrientationPortraitUpsideDown UIInterfaceOrientationLandscapeLeft UIInterfaceOrientationLandscapeRight";
				INFOPLIST_KEY_UISupportedInterfaceOrientations_iPhone = "UIInterfaceOrientationPortrait UIInterfaceOrientationLandscapeLeft UIInterfaceOrientationLandscapeRight";
				LD_RUNPATH_SEARCH_PATHS = (
					"$(inherited)",
					"@executable_path/Frameworks",
				);
				MARKETING_VERSION = 1.0;
				PRODUCT_BUNDLE_IDENTIFIER = jrp60.innocvExercise;
				PRODUCT_NAME = "$(TARGET_NAME)";
				SWIFT_EMIT_LOC_STRINGS = YES;
				SWIFT_VERSION = 5.0;
				TARGETED_DEVICE_FAMILY = "1,2";
			};
			name = Debug;
		};
		3B0F8FAD298AA7CC007039B3 /* Release */ = {
			isa = XCBuildConfiguration;
			baseConfigurationReference = 153782F901BE4C5614CE50BB /* Pods-innocvExercise.release.xcconfig */;
			buildSettings = {
				ASSETCATALOG_COMPILER_APPICON_NAME = AppIcon;
				ASSETCATALOG_COMPILER_GLOBAL_ACCENT_COLOR_NAME = AccentColor;
				CODE_SIGN_STYLE = Automatic;
				CURRENT_PROJECT_VERSION = 1;
				DEVELOPMENT_TEAM = JC2DG996NX;
				GENERATE_INFOPLIST_FILE = YES;
				INFOPLIST_FILE = innocvExercise/Info.plist;
				INFOPLIST_KEY_UIApplicationSupportsIndirectInputEvents = YES;
				INFOPLIST_KEY_UILaunchStoryboardName = LaunchScreen;
				INFOPLIST_KEY_UIMainStoryboardFile = Main;
				INFOPLIST_KEY_UISupportedInterfaceOrientations_iPad = "UIInterfaceOrientationPortrait UIInterfaceOrientationPortraitUpsideDown UIInterfaceOrientationLandscapeLeft UIInterfaceOrientationLandscapeRight";
				INFOPLIST_KEY_UISupportedInterfaceOrientations_iPhone = "UIInterfaceOrientationPortrait UIInterfaceOrientationLandscapeLeft UIInterfaceOrientationLandscapeRight";
				LD_RUNPATH_SEARCH_PATHS = (
					"$(inherited)",
					"@executable_path/Frameworks",
				);
				MARKETING_VERSION = 1.0;
				PRODUCT_BUNDLE_IDENTIFIER = jrp60.innocvExercise;
				PRODUCT_NAME = "$(TARGET_NAME)";
				SWIFT_EMIT_LOC_STRINGS = YES;
				SWIFT_VERSION = 5.0;
				TARGETED_DEVICE_FAMILY = "1,2";
			};
			name = Release;
		};
/* End XCBuildConfiguration section */

/* Begin XCConfigurationList section */
		3B0F8F92298AA7C8007039B3 /* Build configuration list for PBXProject "innocvExercise" */ = {
			isa = XCConfigurationList;
			buildConfigurations = (
				3B0F8FA9298AA7CC007039B3 /* Debug */,
				3B0F8FAA298AA7CC007039B3 /* Release */,
			);
			defaultConfigurationIsVisible = 0;
			defaultConfigurationName = Release;
		};
		3B0F8FAB298AA7CC007039B3 /* Build configuration list for PBXNativeTarget "innocvExercise" */ = {
			isa = XCConfigurationList;
			buildConfigurations = (
				3B0F8FAC298AA7CC007039B3 /* Debug */,
				3B0F8FAD298AA7CC007039B3 /* Release */,
			);
			defaultConfigurationIsVisible = 0;
			defaultConfigurationName = Release;
		};
/* End XCConfigurationList section */
	};
	rootObject = 3B0F8F8F298AA7C8007039B3 /* Project object */;
}
